
Microsoft Visual Studio Solution File, Format Version 12.00
# Visual Studio 2013
VisualStudioVersion = 12.0.40629.0
MinimumVisualStudioVersion = 10.0.40219.1
Project("{2150E333-8FDC-42A3-9474-1A3956D46DE8}") = "GFT.Website.Api", "GFT.Website.Api", "{DA335771-D59E-4B72-ABCE-795F195B3585}"
EndProject
Project("{2150E333-8FDC-42A3-9474-1A3956D46DE8}") = "GFT.Website.UI", "GFT.Website.UI", "{B0F299B9-FCE7-423F-8A72-9869F5C2F58F}"
EndProject
Project("{FAE04EC0-301F-11D3-BF4B-00C04F79EFBC}") = "GFT Website UI", "GFT.Website\GFT Website UI.csproj", "{D2CE3E3A-23AD-4BF0-A533-6B34D2253CDC}"
EndProject
Project("{2150E333-8FDC-42A3-9474-1A3956D46DE8}") = "GFT.Services", "GFT.Services", "{14BAE38A-4B86-4160-BA2F-88F5B35EF1E6}"
EndProject
Project("{2150E333-8FDC-42A3-9474-1A3956D46DE8}") = "GFT.Database", "GFT.Database", "{BAFEB60F-0D44-4F02-8A85-46B62CA908EF}"
EndProject
Project("{FAE04EC0-301F-11D3-BF4B-00C04F79EFBC}") = "GFT Website Api", "GFT Website Api\GFT Website Api.csproj", "{22E5CD11-910A-4143-830D-52EBA52EC5F2}"
EndProject
Project("{2150E333-8FDC-42A3-9474-1A3956D46DE8}") = "GFT.Queues", "GFT.Queues", "{05954AD2-E587-4D18-80C7-07C342067B0C}"
EndProject
Project("{FAE04EC0-301F-11D3-BF4B-00C04F79EFBC}") = "GFT TransactionProcessor Service", "GFT Services\GFT TransactionProcessor Service\GFT TransactionProcessor Service.csproj", "{68DD5DF2-D85D-458B-BDE9-C1F78123717B}"
EndProject
Global
	GlobalSection(SolutionConfigurationPlatforms) = preSolution
		Debug|Any CPU = Debug|Any CPU
		Release|Any CPU = Release|Any CPU
	EndGlobalSection
	GlobalSection(ProjectConfigurationPlatforms) = postSolution
		{D2CE3E3A-23AD-4BF0-A533-6B34D2253CDC}.Debug|Any CPU.ActiveCfg = Debug|Any CPU
		{D2CE3E3A-23AD-4BF0-A533-6B34D2253CDC}.Debug|Any CPU.Build.0 = Debug|Any CPU
		{D2CE3E3A-23AD-4BF0-A533-6B34D2253CDC}.Release|Any CPU.ActiveCfg = Release|Any CPU
		{D2CE3E3A-23AD-4BF0-A533-6B34D2253CDC}.Release|Any CPU.Build.0 = Release|Any CPU
		{22E5CD11-910A-4143-830D-52EBA52EC5F2}.Debug|Any CPU.ActiveCfg = Debug|Any CPU
		{22E5CD11-910A-4143-830D-52EBA52EC5F2}.Debug|Any CPU.Build.0 = Debug|Any CPU
		{22E5CD11-910A-4143-830D-52EBA52EC5F2}.Release|Any CPU.ActiveCfg = Release|Any CPU
		{22E5CD11-910A-4143-830D-52EBA52EC5F2}.Release|Any CPU.Build.0 = Release|Any CPU
		{68DD5DF2-D85D-458B-BDE9-C1F78123717B}.Debug|Any CPU.ActiveCfg = Debug|Any CPU
		{68DD5DF2-D85D-458B-BDE9-C1F78123717B}.Debug|Any CPU.Build.0 = Debug|Any CPU
		{68DD5DF2-D85D-458B-BDE9-C1F78123717B}.Release|Any CPU.ActiveCfg = Release|Any CPU
		{68DD5DF2-D85D-458B-BDE9-C1F78123717B}.Release|Any CPU.Build.0 = Release|Any CPU
	EndGlobalSection
	GlobalSection(SolutionProperties) = preSolution
		HideSolutionNode = FALSE
	EndGlobalSection
	GlobalSection(NestedProjects) = preSolution
		{D2CE3E3A-23AD-4BF0-A533-6B34D2253CDC} = {B0F299B9-FCE7-423F-8A72-9869F5C2F58F}
		{22E5CD11-910A-4143-830D-52EBA52EC5F2} = {DA335771-D59E-4B72-ABCE-795F195B3585}
		{68DD5DF2-D85D-458B-BDE9-C1F78123717B} = {14BAE38A-4B86-4160-BA2F-88F5B35EF1E6}
	EndGlobalSection
EndGlobal
