
Microsoft Visual Studio Solution File, Format Version 12.00
# Visual Studio 14
VisualStudioVersion = 14.0.25123.0
MinimumVisualStudioVersion = 10.0.40219.1
Project("{2150E333-8FDC-42A3-9474-1A3956D46DE8}") = "GFT.Website.Api", "GFT.Website.Api", "{DA335771-D59E-4B72-ABCE-795F195B3585}"
EndProject
Project("{2150E333-8FDC-42A3-9474-1A3956D46DE8}") = "GFT.Website.UI", "GFT.Website.UI", "{B0F299B9-FCE7-423F-8A72-9869F5C2F58F}"
EndProject
Project("{FAE04EC0-301F-11D3-BF4B-00C04F79EFBC}") = "GFT Website UI", "GFT.Website\GFT Website UI.csproj", "{D2CE3E3A-23AD-4BF0-A533-6B34D2253CDC}"
EndProject
Project("{2150E333-8FDC-42A3-9474-1A3956D46DE8}") = "GFT.Services", "GFT.Services", "{14BAE38A-4B86-4160-BA2F-88F5B35EF1E6}"
EndProject
Project("{2150E333-8FDC-42A3-9474-1A3956D46DE8}") = "GFT.Database", "GFT.Database", "{BAFEB60F-0D44-4F02-8A85-46B62CA908EF}"
EndProject
Project("{FAE04EC0-301F-11D3-BF4B-00C04F79EFBC}") = "GFT Website Api", "GFT Website Api\GFT Website Api.csproj", "{22E5CD11-910A-4143-830D-52EBA52EC5F2}"
EndProject
Project("{FAE04EC0-301F-11D3-BF4B-00C04F79EFBC}") = "GFT TransactionProcessorService 1", "GFT Services\GFT TransactionProcessor Service\GFT TransactionProcessorService 1.csproj", "{68DD5DF2-D85D-458B-BDE9-C1F78123717B}"
EndProject
Project("{00D1A9C2-B5F0-4AF3-8072-F6C62B433612}") = "GFT Market Database", "GFT Database\GFT Market Database\GFT Market Database.sqlproj", "{CC774ED4-D3E7-430D-9CD7-5ED4B97898E5}"
EndProject
Project("{FAE04EC0-301F-11D3-BF4B-00C04F79EFBC}") = "GFT Executed Trades", "GFT Executed Trades\GFT Executed Trades.csproj", "{3CD92DE4-FFEA-4BFA-9422-1CAD42A4C8BF}"
	ProjectSection(ProjectDependencies) = postProject
		{68DD5DF2-D85D-458B-BDE9-C1F78123717B} = {68DD5DF2-D85D-458B-BDE9-C1F78123717B}
	EndProjectSection
EndProject
Project("{2150E333-8FDC-42A3-9474-1A3956D46DE8}") = "GFT.Tests", "GFT.Tests", "{2A6119B6-08A8-43DE-99EC-0B0776261A33}"
EndProject
Project("{FAE04EC0-301F-11D3-BF4B-00C04F79EFBC}") = "GFT Market DAL", "GFT Market DAL\GFT Market DAL.csproj", "{B35F51CA-5446-428A-BEE7-F5DC0569861B}"
EndProject
Project("{2150E333-8FDC-42A3-9474-1A3956D46DE8}") = "GFT.Models", "GFT.Models", "{0108393B-4465-4D07-98B7-570CF7741C66}"
EndProject
Project("{FAE04EC0-301F-11D3-BF4B-00C04F79EFBC}") = "GFT Models", "GFT Models\GFT Models.csproj", "{0A55E2A4-A294-4D01-B27D-27839B597A40}"
EndProject
Project("{FAE04EC0-301F-11D3-BF4B-00C04F79EFBC}") = "GFT TransactionProcessor", "GFT TransactionProcessor\GFT TransactionProcessor.csproj", "{A3024AB0-968A-4C8B-BC33-6FADFB8FD58D}"
EndProject
Project("{FAE04EC0-301F-11D3-BF4B-00C04F79EFBC}") = "GFT TransactionProcessorService.Test", "GFT TransactionProcessor Service 1.Test\GFT TransactionProcessorService.Test.csproj", "{FC45CD09-FBA9-45ED-9CFF-F61380EC84AF}"
	ProjectSection(ProjectDependencies) = postProject
		{68DD5DF2-D85D-458B-BDE9-C1F78123717B} = {68DD5DF2-D85D-458B-BDE9-C1F78123717B}
	EndProjectSection
EndProject
Project("{FAE04EC0-301F-11D3-BF4B-00C04F79EFBC}") = "GFT DataAccessLayer.Test", "GFT DataAccessLayer.Test\GFT DataAccessLayer.Test.csproj", "{283E448B-3B4B-474D-B619-E3E65018A203}"
EndProject
Global
	GlobalSection(SolutionConfigurationPlatforms) = preSolution
		Debug|Any CPU = Debug|Any CPU
		Release|Any CPU = Release|Any CPU
	EndGlobalSection
	GlobalSection(ProjectConfigurationPlatforms) = postSolution
		{D2CE3E3A-23AD-4BF0-A533-6B34D2253CDC}.Debug|Any CPU.ActiveCfg = Debug|Any CPU
		{D2CE3E3A-23AD-4BF0-A533-6B34D2253CDC}.Debug|Any CPU.Build.0 = Debug|Any CPU
		{D2CE3E3A-23AD-4BF0-A533-6B34D2253CDC}.Release|Any CPU.ActiveCfg = Release|Any CPU
		{D2CE3E3A-23AD-4BF0-A533-6B34D2253CDC}.Release|Any CPU.Build.0 = Release|Any CPU
		{22E5CD11-910A-4143-830D-52EBA52EC5F2}.Debug|Any CPU.ActiveCfg = Debug|Any CPU
		{22E5CD11-910A-4143-830D-52EBA52EC5F2}.Debug|Any CPU.Build.0 = Debug|Any CPU
		{22E5CD11-910A-4143-830D-52EBA52EC5F2}.Release|Any CPU.ActiveCfg = Release|Any CPU
		{22E5CD11-910A-4143-830D-52EBA52EC5F2}.Release|Any CPU.Build.0 = Release|Any CPU
		{68DD5DF2-D85D-458B-BDE9-C1F78123717B}.Debug|Any CPU.ActiveCfg = Debug|Any CPU
		{68DD5DF2-D85D-458B-BDE9-C1F78123717B}.Debug|Any CPU.Build.0 = Debug|Any CPU
		{68DD5DF2-D85D-458B-BDE9-C1F78123717B}.Release|Any CPU.ActiveCfg = Release|Any CPU
		{68DD5DF2-D85D-458B-BDE9-C1F78123717B}.Release|Any CPU.Build.0 = Release|Any CPU
		{CC774ED4-D3E7-430D-9CD7-5ED4B97898E5}.Debug|Any CPU.ActiveCfg = Debug|Any CPU
		{CC774ED4-D3E7-430D-9CD7-5ED4B97898E5}.Debug|Any CPU.Build.0 = Debug|Any CPU
		{CC774ED4-D3E7-430D-9CD7-5ED4B97898E5}.Debug|Any CPU.Deploy.0 = Debug|Any CPU
		{CC774ED4-D3E7-430D-9CD7-5ED4B97898E5}.Release|Any CPU.ActiveCfg = Release|Any CPU
		{CC774ED4-D3E7-430D-9CD7-5ED4B97898E5}.Release|Any CPU.Build.0 = Release|Any CPU
		{CC774ED4-D3E7-430D-9CD7-5ED4B97898E5}.Release|Any CPU.Deploy.0 = Release|Any CPU
		{3CD92DE4-FFEA-4BFA-9422-1CAD42A4C8BF}.Debug|Any CPU.ActiveCfg = Debug|Any CPU
		{3CD92DE4-FFEA-4BFA-9422-1CAD42A4C8BF}.Debug|Any CPU.Build.0 = Debug|Any CPU
		{3CD92DE4-FFEA-4BFA-9422-1CAD42A4C8BF}.Release|Any CPU.ActiveCfg = Release|Any CPU
		{3CD92DE4-FFEA-4BFA-9422-1CAD42A4C8BF}.Release|Any CPU.Build.0 = Release|Any CPU
		{B35F51CA-5446-428A-BEE7-F5DC0569861B}.Debug|Any CPU.ActiveCfg = Debug|Any CPU
		{B35F51CA-5446-428A-BEE7-F5DC0569861B}.Debug|Any CPU.Build.0 = Debug|Any CPU
		{B35F51CA-5446-428A-BEE7-F5DC0569861B}.Release|Any CPU.ActiveCfg = Release|Any CPU
		{B35F51CA-5446-428A-BEE7-F5DC0569861B}.Release|Any CPU.Build.0 = Release|Any CPU
		{0A55E2A4-A294-4D01-B27D-27839B597A40}.Debug|Any CPU.ActiveCfg = Debug|Any CPU
		{0A55E2A4-A294-4D01-B27D-27839B597A40}.Debug|Any CPU.Build.0 = Debug|Any CPU
		{0A55E2A4-A294-4D01-B27D-27839B597A40}.Release|Any CPU.ActiveCfg = Release|Any CPU
		{0A55E2A4-A294-4D01-B27D-27839B597A40}.Release|Any CPU.Build.0 = Release|Any CPU
		{A3024AB0-968A-4C8B-BC33-6FADFB8FD58D}.Debug|Any CPU.ActiveCfg = Debug|Any CPU
		{A3024AB0-968A-4C8B-BC33-6FADFB8FD58D}.Debug|Any CPU.Build.0 = Debug|Any CPU
		{A3024AB0-968A-4C8B-BC33-6FADFB8FD58D}.Release|Any CPU.ActiveCfg = Release|Any CPU
		{A3024AB0-968A-4C8B-BC33-6FADFB8FD58D}.Release|Any CPU.Build.0 = Release|Any CPU
		{FC45CD09-FBA9-45ED-9CFF-F61380EC84AF}.Debug|Any CPU.ActiveCfg = Debug|Any CPU
		{FC45CD09-FBA9-45ED-9CFF-F61380EC84AF}.Debug|Any CPU.Build.0 = Debug|Any CPU
		{FC45CD09-FBA9-45ED-9CFF-F61380EC84AF}.Release|Any CPU.ActiveCfg = Release|Any CPU
		{FC45CD09-FBA9-45ED-9CFF-F61380EC84AF}.Release|Any CPU.Build.0 = Release|Any CPU
		{283E448B-3B4B-474D-B619-E3E65018A203}.Debug|Any CPU.ActiveCfg = Debug|Any CPU
		{283E448B-3B4B-474D-B619-E3E65018A203}.Debug|Any CPU.Build.0 = Debug|Any CPU
		{283E448B-3B4B-474D-B619-E3E65018A203}.Release|Any CPU.ActiveCfg = Release|Any CPU
		{283E448B-3B4B-474D-B619-E3E65018A203}.Release|Any CPU.Build.0 = Release|Any CPU
	EndGlobalSection
	GlobalSection(SolutionProperties) = preSolution
		HideSolutionNode = FALSE
	EndGlobalSection
	GlobalSection(NestedProjects) = preSolution
		{D2CE3E3A-23AD-4BF0-A533-6B34D2253CDC} = {B0F299B9-FCE7-423F-8A72-9869F5C2F58F}
		{22E5CD11-910A-4143-830D-52EBA52EC5F2} = {DA335771-D59E-4B72-ABCE-795F195B3585}
		{68DD5DF2-D85D-458B-BDE9-C1F78123717B} = {14BAE38A-4B86-4160-BA2F-88F5B35EF1E6}
		{CC774ED4-D3E7-430D-9CD7-5ED4B97898E5} = {BAFEB60F-0D44-4F02-8A85-46B62CA908EF}
		{3CD92DE4-FFEA-4BFA-9422-1CAD42A4C8BF} = {14BAE38A-4B86-4160-BA2F-88F5B35EF1E6}
		{B35F51CA-5446-428A-BEE7-F5DC0569861B} = {BAFEB60F-0D44-4F02-8A85-46B62CA908EF}
		{0A55E2A4-A294-4D01-B27D-27839B597A40} = {0108393B-4465-4D07-98B7-570CF7741C66}
		{A3024AB0-968A-4C8B-BC33-6FADFB8FD58D} = {14BAE38A-4B86-4160-BA2F-88F5B35EF1E6}
		{FC45CD09-FBA9-45ED-9CFF-F61380EC84AF} = {2A6119B6-08A8-43DE-99EC-0B0776261A33}
		{283E448B-3B4B-474D-B619-E3E65018A203} = {2A6119B6-08A8-43DE-99EC-0B0776261A33}
	EndGlobalSection
EndGlobal
